
Microsoft Visual Studio Solution File, Format Version 12.00
# Visual Studio Version 17
VisualStudioVersion = 17.3.32929.385
MinimumVisualStudioVersion = 10.0.40219.1
Project("{9A19103F-16F7-4668-BE54-9A1E7A4F7556}") = "InstantHabit", "InstantHabit\InstantHabit.csproj", "{4E1CE0A7-1134-422C-A518-4991EFDC1B5D}"
EndProject
Project("{FAE04EC0-301F-11D3-BF4B-00C04F79EFBC}") = "InstantHabit.Tests.Unit", "InstantHabit.Tests.Unit\InstantHabit.Tests.Unit.csproj", "{F7CC4918-08B6-47DE-A546-960AFF99072C}"
EndProject
Global
	GlobalSection(SolutionConfigurationPlatforms) = preSolution
		Debug|Any CPU = Debug|Any CPU
		Release|Any CPU = Release|Any CPU
	EndGlobalSection
	GlobalSection(ProjectConfigurationPlatforms) = postSolution
		{4E1CE0A7-1134-422C-A518-4991EFDC1B5D}.Debug|Any CPU.ActiveCfg = Debug|Any CPU
		{4E1CE0A7-1134-422C-A518-4991EFDC1B5D}.Debug|Any CPU.Build.0 = Debug|Any CPU
		{4E1CE0A7-1134-422C-A518-4991EFDC1B5D}.Release|Any CPU.ActiveCfg = Release|Any CPU
		{4E1CE0A7-1134-422C-A518-4991EFDC1B5D}.Release|Any CPU.Build.0 = Release|Any CPU
		{F7CC4918-08B6-47DE-A546-960AFF99072C}.Debug|Any CPU.ActiveCfg = Debug|Any CPU
		{F7CC4918-08B6-47DE-A546-960AFF99072C}.Debug|Any CPU.Build.0 = Debug|Any CPU
		{F7CC4918-08B6-47DE-A546-960AFF99072C}.Release|Any CPU.ActiveCfg = Release|Any CPU
		{F7CC4918-08B6-47DE-A546-960AFF99072C}.Release|Any CPU.Build.0 = Release|Any CPU
	EndGlobalSection
	GlobalSection(SolutionProperties) = preSolution
		HideSolutionNode = FALSE
	EndGlobalSection
	GlobalSection(ExtensibilityGlobals) = postSolution
		SolutionGuid = {F9A85916-A84A-4AC5-9201-C24D8A6E98FA}
	EndGlobalSection
EndGlobal
